
Microsoft Visual Studio Solution File, Format Version 12.00
# Visual Studio Version 17
VisualStudioVersion = 17.13.35913.81 d17.13
MinimumVisualStudioVersion = 10.0.40219.1
Project("{FAE04EC0-301F-11D3-BF4B-00C04F79EFBC}") = "Jumbo", "Jumbo\Jumbo.csproj", "{DDFA0C06-6858-4646-8833-DB34AAABA4F8}"
EndProject
Global
	GlobalSection(SolutionConfigurationPlatforms) = preSolution
		Debug|Any CPU = Debug|Any CPU
		Release|Any CPU = Release|Any CPU
	EndGlobalSection
	GlobalSection(ProjectConfigurationPlatforms) = postSolution
		{DDFA0C06-6858-4646-8833-DB34AAABA4F8}.Debug|Any CPU.ActiveCfg = Debug|Any CPU
		{DDFA0C06-6858-4646-8833-DB34AAABA4F8}.Debug|Any CPU.Build.0 = Debug|Any CPU
		{DDFA0C06-6858-4646-8833-DB34AAABA4F8}.Release|Any CPU.ActiveCfg = Release|Any CPU
		{DDFA0C06-6858-4646-8833-DB34AAABA4F8}.Release|Any CPU.Build.0 = Release|Any CPU
	EndGlobalSection
	GlobalSection(SolutionProperties) = preSolution
		HideSolutionNode = FALSE
	EndGlobalSection
	GlobalSection(ExtensibilityGlobals) = postSolution
		SolutionGuid = {07E66A4C-9ED4-4AD5-8D2B-B174FBDBCF1D}
	EndGlobalSection
EndGlobal
